
Microsoft Visual Studio Solution File, Format Version 12.00
# Visual Studio Version 16
VisualStudioVersion = 16.0.29230.47
MinimumVisualStudioVersion = 10.0.40219.1
Project("{803FD0C6-D64E-4E16-9DC3-1DAEC859A3D2}") = "MK2", "MK2\MK2.vgdbproj", "{5A722A82-B610-4635-A066-E30825F2939E}"
EndProject
Global
	GlobalSection(SolutionConfigurationPlatforms) = preSolution
		Debug|VisualGDB = Debug|VisualGDB
		MinSizeRel|VisualGDB = MinSizeRel|VisualGDB
		Release|VisualGDB = Release|VisualGDB
		RelWithDebInfo|VisualGDB = RelWithDebInfo|VisualGDB
	EndGlobalSection
	GlobalSection(ProjectConfigurationPlatforms) = postSolution
		{5A722A82-B610-4635-A066-E30825F2939E}.Debug|VisualGDB.ActiveCfg = Debug|VisualGDB
		{5A722A82-B610-4635-A066-E30825F2939E}.Debug|VisualGDB.Build.0 = Debug|VisualGDB
		{5A722A82-B610-4635-A066-E30825F2939E}.MinSizeRel|VisualGDB.ActiveCfg = MinSizeRel|VisualGDB
		{5A722A82-B610-4635-A066-E30825F2939E}.MinSizeRel|VisualGDB.Build.0 = MinSizeRel|VisualGDB
		{5A722A82-B610-4635-A066-E30825F2939E}.Release|VisualGDB.ActiveCfg = Release|VisualGDB
		{5A722A82-B610-4635-A066-E30825F2939E}.Release|VisualGDB.Build.0 = Release|VisualGDB
		{5A722A82-B610-4635-A066-E30825F2939E}.RelWithDebInfo|VisualGDB.ActiveCfg = RelWithDebInfo|VisualGDB
		{5A722A82-B610-4635-A066-E30825F2939E}.RelWithDebInfo|VisualGDB.Build.0 = RelWithDebInfo|VisualGDB
	EndGlobalSection
	GlobalSection(SolutionProperties) = preSolution
		HideSolutionNode = FALSE
	EndGlobalSection
	GlobalSection(ExtensibilityGlobals) = postSolution
		SolutionGuid = {F90E0D21-C5ED-44E8-9562-A04FEDFD68AD}
	EndGlobalSection
EndGlobal
